
Microsoft Visual Studio Solution File, Format Version 12.00
# Visual Studio Version 17
VisualStudioVersion = 17.7.34031.279
MinimumVisualStudioVersion = 10.0.40219.1
Project("{FAE04EC0-301F-11D3-BF4B-00C04F79EFBC}") = "OOPArv", "OOPArv.csproj", "{6CA0793D-EFF6-408E-AD77-D10D51E2DDE7}"
EndProject
Global
	GlobalSection(SolutionConfigurationPlatforms) = preSolution
		Debug|Any CPU = Debug|Any CPU
		Release|Any CPU = Release|Any CPU
	EndGlobalSection
	GlobalSection(ProjectConfigurationPlatforms) = postSolution
		{6CA0793D-EFF6-408E-AD77-D10D51E2DDE7}.Debug|Any CPU.ActiveCfg = Debug|Any CPU
		{6CA0793D-EFF6-408E-AD77-D10D51E2DDE7}.Debug|Any CPU.Build.0 = Debug|Any CPU
		{6CA0793D-EFF6-408E-AD77-D10D51E2DDE7}.Release|Any CPU.ActiveCfg = Release|Any CPU
		{6CA0793D-EFF6-408E-AD77-D10D51E2DDE7}.Release|Any CPU.Build.0 = Release|Any CPU
	EndGlobalSection
	GlobalSection(SolutionProperties) = preSolution
		HideSolutionNode = FALSE
	EndGlobalSection
	GlobalSection(ExtensibilityGlobals) = postSolution
		SolutionGuid = {3D694FCB-1592-4869-85A9-5165AC65A768}
	EndGlobalSection
EndGlobal
